{
  "lockfile_version": "1",
  "packages": {
    "awscli2@2.15.43": {
      "last_modified": "2024-05-05T12:27:12Z",
      "resolved": "github:NixOS/nixpkgs/ee4a6e0f566fe5ec79968c57a9c2c3c25f2cf41d#awscli2",
      "source": "devbox-search",
      "version": "2.15.43",
      "systems": {
        "aarch64-darwin": {
          "outputs": [
            {
              "name": "out",
              "path": "/nix/store/6s25r4b9669j1dphnz7wjabcvxzzbxhb-awscli2-2.15.43",
              "default": true
            },
            {
              "name": "dist",
              "path": "/nix/store/vg7w7c423m9p67zwb7505wbwdhfjs6yc-awscli2-2.15.43-dist"
            }
          ],
          "store_path": "/nix/store/6s25r4b9669j1dphnz7wjabcvxzzbxhb-awscli2-2.15.43"
        },
        "aarch64-linux": {
          "outputs": [
            {
              "name": "out",
              "path": "/nix/store/cgnb7s1mjgjcf5ih6zgzdzp6asgc8bxm-awscli2-2.15.43",
              "default": true
            },
            {
              "name": "dist",
              "path": "/nix/store/cp3nab9c25swqwd4z0rbjb675rf592qk-awscli2-2.15.43-dist"
            }
          ],
          "store_path": "/nix/store/cgnb7s1mjgjcf5ih6zgzdzp6asgc8bxm-awscli2-2.15.43"
        },
        "x86_64-darwin": {
          "outputs": [
            {
              "name": "out",
              "path": "/nix/store/q02pbsdqygnak4kipn654kbx8n6xklq1-awscli2-2.15.43",
              "default": true
            },
            {
              "name": "dist",
              "path": "/nix/store/3kq0p540l7qjyxqwc9acp1xwnb0khzms-awscli2-2.15.43-dist"
            }
          ],
          "store_path": "/nix/store/q02pbsdqygnak4kipn654kbx8n6xklq1-awscli2-2.15.43"
        },
        "x86_64-linux": {
          "outputs": [
            {
              "name": "out",
              "path": "/nix/store/2x52f9dnlc6sp2z0sqrxzj2iv3x3qsdb-awscli2-2.15.43",
              "default": true
            },
            {
              "name": "dist",
              "path": "/nix/store/49qh6si2mcf5n3pbl34mhxqlm6kcavry-awscli2-2.15.43-dist"
            }
          ],
          "store_path": "/nix/store/2x52f9dnlc6sp2z0sqrxzj2iv3x3qsdb-awscli2-2.15.43"
        }
      }
    },
    "curl@8.7.1": {
      "last_modified": "2024-05-06T06:27:37Z",
      "resolved": "github:NixOS/nixpkgs/dd1290b0f857782a60b251f89651c831cd3eef9d#curl",
      "source": "devbox-search",
      "version": "8.7.1",
      "systems": {
        "aarch64-darwin": {
          "outputs": [
            {
              "name": "bin",
              "path": "/nix/store/fk1nbg9csmdskv4w466d779n87bvc3n0-curl-8.7.1-bin",
              "default": true
            },
            {
              "name": "man",
              "path": "/nix/store/kl3ds7m52n7wgz75qcbfinrz1r7cm1i0-curl-8.7.1-man",
              "default": true
            },
            {
              "name": "dev",
              "path": "/nix/store/dzwxhz2kl4asqsqpdzz5yf89j25igwk6-curl-8.7.1-dev"
            },
            {
              "name": "devdoc",
              "path": "/nix/store/2rhikjyxizidbd4p1hk479vmr9rc8m5h-curl-8.7.1-devdoc"
            },
            {
              "name": "out",
              "path": "/nix/store/9x1dp01k13riyvk54ciwjf5za8idwmhi-curl-8.7.1"
            }
          ],
          "store_path": "/nix/store/fk1nbg9csmdskv4w466d779n87bvc3n0-curl-8.7.1-bin"
        },
        "aarch64-linux": {
          "outputs": [
            {
              "name": "bin",
              "path": "/nix/store/i5l8l75nywb6hkd4g2i332xwm4djjvbh-curl-8.7.1-bin",
              "default": true
            },
            {
              "name": "man",
              "path": "/nix/store/1kdrycxjg247g313pql8lg8dk0bl89lw-curl-8.7.1-man",
              "default": true
            },
            {
              "name": "debug",
              "path": "/nix/store/cdf1fylklg2vbafari42yqp44bmmk5cn-curl-8.7.1-debug"
            },
            {
              "name": "dev",
              "path": "/nix/store/q91fvqihpnirbm3pz2sq11kjdpj71zl5-curl-8.7.1-dev"
            },
            {
              "name": "devdoc",
              "path": "/nix/store/9yr2nxivsgd8k8cqabpikbiin1hpqq7r-curl-8.7.1-devdoc"
            },
            {
              "name": "out",
              "path": "/nix/store/x2ngx6la8fix8iz7zhyi7gkgsszy9kkx-curl-8.7.1"
            }
          ],
          "store_path": "/nix/store/i5l8l75nywb6hkd4g2i332xwm4djjvbh-curl-8.7.1-bin"
        },
        "x86_64-darwin": {
          "outputs": [
            {
              "name": "bin",
              "path": "/nix/store/jlhz559xd973by93qj83izdgm1bkwyiw-curl-8.7.1-bin",
              "default": true
            },
            {
              "name": "man",
              "path": "/nix/store/xvrgskrlc8y23kb83adykc79n3m3221f-curl-8.7.1-man",
              "default": true
            },
            {
              "name": "dev",
              "path": "/nix/store/x2vxybfyjv3ga3wdifn5m9xjmn7wjjk9-curl-8.7.1-dev"
            },
            {
              "name": "devdoc",
              "path": "/nix/store/cayjhlcrvyq27rzk0p6fj3f8ik5757h5-curl-8.7.1-devdoc"
            },
            {
              "name": "out",
              "path": "/nix/store/zjjazsh938488vqj83b73wi0dg8xw9p3-curl-8.7.1"
            }
          ],
          "store_path": "/nix/store/jlhz559xd973by93qj83izdgm1bkwyiw-curl-8.7.1-bin"
        },
        "x86_64-linux": {
          "outputs": [
            {
              "name": "bin",
              "path": "/nix/store/rzqab54yp9a21sii4q59v9mlvn15nxxd-curl-8.7.1-bin",
              "default": true
            },
            {
              "name": "man",
              "path": "/nix/store/gx188rl2rmj99k6s65ylvcpavxrwqla9-curl-8.7.1-man",
              "default": true
            },
            {
              "name": "debug",
              "path": "/nix/store/51lgfz0ghqn4pp7wg0wpr9lk62sxpsgx-curl-8.7.1-debug"
            },
            {
              "name": "dev",
              "path": "/nix/store/n6q80yww217mly3ac6k2vdrd2zvrjk2c-curl-8.7.1-dev"
            },
            {
              "name": "devdoc",
              "path": "/nix/store/vm8qcnr0xw33aqxl53shcgrk4cqdq1hb-curl-8.7.1-devdoc"
            },
            {
              "name": "out",
              "path": "/nix/store/qv1qp23si0prgzcx6b8522f0g7fipaph-curl-8.7.1"
            }
          ],
          "store_path": "/nix/store/rzqab54yp9a21sii4q59v9mlvn15nxxd-curl-8.7.1-bin"
        }
      }
    },
    "git@2.44.0": {
      "last_modified": "2024-05-01T20:12:28Z",
      "resolved": "github:NixOS/nixpkgs/1c74cc292b61614e74c1cf0d372f79d57fb4936b#git",
      "source": "devbox-search",
      "version": "2.44.0",
      "systems": {
        "aarch64-darwin": {
          "outputs": [
            {
              "name": "out",
              "path": "/nix/store/m0xxxwbvmfkpr2xl8xglp6pdcy2b32yr-git-2.44.0",
              "default": true
            },
            {
              "name": "doc",
              "path": "/nix/store/ixfyjbvrvcgjd6pvlmwd837n7gpacpsh-git-2.44.0-doc"
            }
          ],
          "store_path": "/nix/store/m0xxxwbvmfkpr2xl8xglp6pdcy2b32yr-git-2.44.0"
        },
        "aarch64-linux": {
          "outputs": [
            {
              "name": "out",
              "path": "/nix/store/rmvzsr7815npnnisqj7lxsha206ipba6-git-2.44.0",
              "default": true
            },
            {
              "name": "doc",
              "path": "/nix/store/60ksc8m233f52wh8kn6is8m2g2vjgwh1-git-2.44.0-doc"
            },
            {
              "name": "debug",
              "path": "/nix/store/791yz6dpkms3dd8qsw7c8al6gq19icn6-git-2.44.0-debug"
            }
          ],
          "store_path": "/nix/store/rmvzsr7815npnnisqj7lxsha206ipba6-git-2.44.0"
        },
        "x86_64-darwin": {
          "outputs": [
            {
              "name": "out",
              "path": "/nix/store/31aiia9d9zfmk53wsc2pkixipmhpb2s6-git-2.44.0",
              "default": true
            },
            {
              "name": "doc",
              "path": "/nix/store/r10zhb4fvl4mgkwk67nc30mp0z3qs384-git-2.44.0-doc"
            }
          ],
          "store_path": "/nix/store/31aiia9d9zfmk53wsc2pkixipmhpb2s6-git-2.44.0"
        },
        "x86_64-linux": {
          "outputs": [
            {
              "name": "out",
              "path": "/nix/store/apl2ibxqrxbbj6z79nfgv892999z1zyv-git-2.44.0",
              "default": true
            },
            {
              "name": "debug",
              "path": "/nix/store/8ibxf7vhwzn2iqzggksgj7wmfph6krr4-git-2.44.0-debug"
            },
            {
              "name": "doc",
              "path": "/nix/store/ylvh2h3hr0m5578rs6ms184923xvsd1j-git-2.44.0-doc"
            }
          ],
          "store_path": "/nix/store/apl2ibxqrxbbj6z79nfgv892999z1zyv-git-2.44.0"
        }
      }
    },
    "go@1.22.2": {
      "last_modified": "2024-04-19T21:36:04Z",
      "resolved": "github:NixOS/nixpkgs/92d295f588631b0db2da509f381b4fb1e74173c5#go",
      "source": "devbox-search",
      "version": "1.22.2",
      "systems": {
        "aarch64-darwin": {
          "outputs": [
            {
              "name": "out",
              "path": "/nix/store/x7gzwywk7mvjamdyc4n45fh62jks7lma-go-1.22.2",
              "default": true
            }
          ],
          "store_path": "/nix/store/x7gzwywk7mvjamdyc4n45fh62jks7lma-go-1.22.2"
        },
        "aarch64-linux": {
          "outputs": [
            {
              "name": "out",
              "path": "/nix/store/ka1iykac1bfvy98p9g2ii3xn2fnl98cn-go-1.22.2",
              "default": true
            }
          ],
          "store_path": "/nix/store/ka1iykac1bfvy98p9g2ii3xn2fnl98cn-go-1.22.2"
        },
        "x86_64-darwin": {
          "outputs": [
            {
              "name": "out",
              "path": "/nix/store/s26vypls3i2rvprj2jq7l1ypb5y12mq9-go-1.22.2",
              "default": true
            }
          ],
          "store_path": "/nix/store/s26vypls3i2rvprj2jq7l1ypb5y12mq9-go-1.22.2"
        },
        "x86_64-linux": {
          "outputs": [
            {
              "name": "out",
              "path": "/nix/store/9kriq85qac7phcxgpdqbqr25vlr61ifw-go-1.22.2",
              "default": true
            }
          ],
          "store_path": "/nix/store/9kriq85qac7phcxgpdqbqr25vlr61ifw-go-1.22.2"
        }
      }
    },
    "golangci-lint@1.58.0": {
      "last_modified": "2024-05-06T06:27:37Z",
      "resolved": "github:NixOS/nixpkgs/dd1290b0f857782a60b251f89651c831cd3eef9d#golangci-lint",
      "source": "devbox-search",
      "version": "1.58.0",
      "systems": {
        "aarch64-darwin": {
          "outputs": [
            {
              "name": "out",
              "path": "/nix/store/xqvzg83jambgc1yn68ykd5nhg9ykzw4j-golangci-lint-1.58.0",
              "default": true
            }
          ],
          "store_path": "/nix/store/xqvzg83jambgc1yn68ykd5nhg9ykzw4j-golangci-lint-1.58.0"
        },
        "aarch64-linux": {
          "outputs": [
            {
              "name": "out",
              "path": "/nix/store/nbhcg3y95brrvxh11kqy3nvsri3r12nd-golangci-lint-1.58.0",
              "default": true
            }
          ],
          "store_path": "/nix/store/nbhcg3y95brrvxh11kqy3nvsri3r12nd-golangci-lint-1.58.0"
        },
        "x86_64-darwin": {
          "outputs": [
            {
              "name": "out",
              "path": "/nix/store/yh84kfgg59kcz33q15g4dy3hq1in3fhp-golangci-lint-1.58.0",
              "default": true
            }
          ],
          "store_path": "/nix/store/yh84kfgg59kcz33q15g4dy3hq1in3fhp-golangci-lint-1.58.0"
        },
        "x86_64-linux": {
          "outputs": [
            {
              "name": "out",
              "path": "/nix/store/i2vdd5lqpwcllwgg65n7150qjmh6x1pr-golangci-lint-1.58.0",
              "default": true
            }
          ],
          "store_path": "/nix/store/i2vdd5lqpwcllwgg65n7150qjmh6x1pr-golangci-lint-1.58.0"
        }
      }
    },
    "jq@1.7.1": {
      "last_modified": "2024-05-06T15:07:38Z",
      "resolved": "github:NixOS/nixpkgs/860e65d27036476edfb85dd847d982277880b143#jq",
      "source": "devbox-search",
      "version": "1.7.1",
      "systems": {
        "aarch64-darwin": {
          "outputs": [
            {
              "name": "bin",
              "path": "/nix/store/xa19z3h3jph7gi92m4p0dc0b5zkm17a0-jq-1.7.1-bin",
              "default": true
            },
            {
              "name": "man",
              "path": "/nix/store/m4xhi6qsc0zai3klhmbag95a5mjlrhha-jq-1.7.1-man",
              "default": true
            },
            {
              "name": "dev",
              "path": "/nix/store/jaz59nmb5wx4y6qvblbxpc9vgc0i2ggy-jq-1.7.1-dev"
            },
            {
              "name": "doc",
              "path": "/nix/store/bfq3qd1c27as6n1l4kj38n17p2rabhir-jq-1.7.1-doc"
            },
            {
              "name": "lib",
              "path": "/nix/store/6g9sfzlr7fkk6nbjgmhk6w2qm5a56z7b-jq-1.7.1-lib"
            },
            {
              "name": "out",
              "path": "/nix/store/vrqvagim59239awvah20bd9hv0dgdljj-jq-1.7.1"
            }
          ],
          "store_path": "/nix/store/xa19z3h3jph7gi92m4p0dc0b5zkm17a0-jq-1.7.1-bin"
        },
        "aarch64-linux": {
          "outputs": [
            {
              "name": "bin",
              "path": "/nix/store/0r6cdlfkfjg7kjj6hxlv7skj9pdj4p1n-jq-1.7.1-bin",
              "default": true
            },
            {
              "name": "man",
              "path": "/nix/store/lw58fijahfhjlzgyas1dsmzh7pcnaxdv-jq-1.7.1-man",
              "default": true
            },
            {
              "name": "out",
              "path": "/nix/store/yc03gg2sbvys482z30apk0gn12dl9xvh-jq-1.7.1"
            },
            {
              "name": "dev",
              "path": "/nix/store/zd99p8zsbm253ml6x68k42n4dkpl0mmr-jq-1.7.1-dev"
            },
            {
              "name": "doc",
              "path": "/nix/store/bpyisv6j1ghm2c1bch7af83jm67nivzj-jq-1.7.1-doc"
            },
            {
              "name": "lib",
              "path": "/nix/store/jhpgvrw90q75lchjai474amwyf8724xk-jq-1.7.1-lib"
            }
          ],
          "store_path": "/nix/store/0r6cdlfkfjg7kjj6hxlv7skj9pdj4p1n-jq-1.7.1-bin"
        },
        "x86_64-darwin": {
          "outputs": [
            {
              "name": "bin",
              "path": "/nix/store/svqjdv481d0p2vcwxr14znd74wn0fwkm-jq-1.7.1-bin",
              "default": true
            },
            {
              "name": "man",
              "path": "/nix/store/z6k3j98r17lm7s9hvh4xh7ypkdj18w9q-jq-1.7.1-man",
              "default": true
            },
            {
              "name": "lib",
              "path": "/nix/store/5a8lny78xg9cwcz2qd87nsi5gcn5v32n-jq-1.7.1-lib"
            },
            {
              "name": "out",
              "path": "/nix/store/n5bjrjdv6kn5kgcfkjqibirxhs8yh7vv-jq-1.7.1"
            },
            {
              "name": "dev",
              "path": "/nix/store/9c78in5zfjw0wl5yf3cp6gzln8r4nmxr-jq-1.7.1-dev"
            },
            {
              "name": "doc",
              "path": "/nix/store/i0x7sw50y35anqf84xmwq4b48arnhdjf-jq-1.7.1-doc"
            }
          ],
          "store_path": "/nix/store/svqjdv481d0p2vcwxr14znd74wn0fwkm-jq-1.7.1-bin"
        },
        "x86_64-linux": {
          "outputs": [
            {
              "name": "bin",
              "path": "/nix/store/cbgw9mvxl7s93l700xwr71syg1ppbs5l-jq-1.7.1-bin",
              "default": true
            },
            {
              "name": "man",
              "path": "/nix/store/fh2pylnsv887ycj0spvr7vl3622ydyx7-jq-1.7.1-man",
              "default": true
            },
            {
              "name": "dev",
              "path": "/nix/store/j8s6l3xspg0jwlm4120ri4wywwajcdjp-jq-1.7.1-dev"
            },
            {
              "name": "doc",
              "path": "/nix/store/0q856fk6f12jw1lrb49i5hky9xhssdw0-jq-1.7.1-doc"
            },
            {
              "name": "lib",
              "path": "/nix/store/89b3jfhcgv02zlscsipwifsk1yscxk33-jq-1.7.1-lib"
            },
            {
              "name": "out",
              "path": "/nix/store/q595nw2fzmzh2l2p8glfgzc9v5hl7dxf-jq-1.7.1"
            }
          ],
          "store_path": "/nix/store/cbgw9mvxl7s93l700xwr71syg1ppbs5l-jq-1.7.1-bin"
        }
      }
    },
    "k3d@5.6.0": {
      "last_modified": "2024-05-06T06:27:37Z",
      "resolved": "github:NixOS/nixpkgs/dd1290b0f857782a60b251f89651c831cd3eef9d#k3d",
      "source": "devbox-search",
      "version": "5.6.0",
      "systems": {
        "aarch64-darwin": {
          "outputs": [
            {
              "name": "out",
              "path": "/nix/store/mcq1xhccc37v6g154snbcj9mncyhidb8-k3d-5.6.0",
              "default": true
            }
          ],
          "store_path": "/nix/store/mcq1xhccc37v6g154snbcj9mncyhidb8-k3d-5.6.0"
        },
        "aarch64-linux": {
          "outputs": [
            {
              "name": "out",
              "path": "/nix/store/kfkl3mdbz5773d3ic9y98bwg0axq5npd-k3d-5.6.0",
              "default": true
            }
          ],
          "store_path": "/nix/store/kfkl3mdbz5773d3ic9y98bwg0axq5npd-k3d-5.6.0"
        },
        "x86_64-darwin": {
          "outputs": [
            {
              "name": "out",
              "path": "/nix/store/jipjz65m2hk5f1bb3kvfilsg1q8z0f82-k3d-5.6.0",
              "default": true
            }
          ],
          "store_path": "/nix/store/jipjz65m2hk5f1bb3kvfilsg1q8z0f82-k3d-5.6.0"
        },
        "x86_64-linux": {
          "outputs": [
            {
              "name": "out",
              "path": "/nix/store/3w9kr7h07g51x0j1iq7acsnbsi332m9f-k3d-5.6.0",
              "default": true
            }
          ],
          "store_path": "/nix/store/3w9kr7h07g51x0j1iq7acsnbsi332m9f-k3d-5.6.0"
        }
      }
    },
    "k9s@0.32.4": {
      "last_modified": "2024-05-06T06:27:37Z",
      "resolved": "github:NixOS/nixpkgs/dd1290b0f857782a60b251f89651c831cd3eef9d#k9s",
      "source": "devbox-search",
      "version": "0.32.4",
      "systems": {
        "aarch64-darwin": {
          "outputs": [
            {
              "name": "out",
              "path": "/nix/store/r7jyff9wwfn8414gdssgzfmjkm9jagsc-k9s-0.32.4",
              "default": true
            }
          ],
          "store_path": "/nix/store/r7jyff9wwfn8414gdssgzfmjkm9jagsc-k9s-0.32.4"
        },
        "aarch64-linux": {
          "outputs": [
            {
              "name": "out",
              "path": "/nix/store/4mfchlyipvl3psklgzi8kdvc1jrf9iaf-k9s-0.32.4",
              "default": true
            }
          ],
          "store_path": "/nix/store/4mfchlyipvl3psklgzi8kdvc1jrf9iaf-k9s-0.32.4"
        },
        "x86_64-darwin": {
          "outputs": [
            {
              "name": "out",
              "path": "/nix/store/wmzpk85wsl5f75rxr29iz64spvb5kzwd-k9s-0.32.4",
              "default": true
            }
          ],
          "store_path": "/nix/store/wmzpk85wsl5f75rxr29iz64spvb5kzwd-k9s-0.32.4"
        },
        "x86_64-linux": {
          "outputs": [
            {
              "name": "out",
              "path": "/nix/store/h7yx0acfcrsb9n76a1zdd4d9sm7dpkxn-k9s-0.32.4",
              "default": true
            }
          ],
          "store_path": "/nix/store/h7yx0acfcrsb9n76a1zdd4d9sm7dpkxn-k9s-0.32.4"
        }
      }
    },
    "kubectl@1.30.0": {
      "last_modified": "2024-05-01T20:12:28Z",
      "resolved": "github:NixOS/nixpkgs/1c74cc292b61614e74c1cf0d372f79d57fb4936b#kubectl",
      "source": "devbox-search",
      "version": "1.30.0",
      "systems": {
        "aarch64-darwin": {
          "outputs": [
            {
              "name": "out",
              "path": "/nix/store/37l125fmsqjlgzg6nkv84kbq0bdfdn09-kubectl-1.30.0",
              "default": true
            },
            {
              "name": "man",
              "path": "/nix/store/vcjzq65cqyrzcfmjzsj42hrw3x45mk8s-kubectl-1.30.0-man",
              "default": true
            },
            {
              "name": "convert",
              "path": "/nix/store/6fx7d4rwmkvsbzkxl395r1y5401386yr-kubectl-1.30.0-convert"
            }
          ],
          "store_path": "/nix/store/37l125fmsqjlgzg6nkv84kbq0bdfdn09-kubectl-1.30.0"
        },
        "aarch64-linux": {
          "outputs": [
            {
              "name": "out",
              "path": "/nix/store/mw521nhjmm9zij283yrxdbh0fislpdy4-kubectl-1.30.0",
              "default": true
            },
            {
              "name": "man",
              "path": "/nix/store/grk8qw3nmp1vxc31dyg1z5z507l9ckpq-kubectl-1.30.0-man",
              "default": true
            },
            {
              "name": "convert",
              "path": "/nix/store/nl734r759bgqw8rarrrbs03y4qa04ky7-kubectl-1.30.0-convert"
            }
          ],
          "store_path": "/nix/store/mw521nhjmm9zij283yrxdbh0fislpdy4-kubectl-1.30.0"
        },
        "x86_64-darwin": {
          "outputs": [
            {
              "name": "out",
              "path": "/nix/store/kzi7bl9hpgn5c9i7pcq2cby92gwighaj-kubectl-1.30.0",
              "default": true
            },
            {
              "name": "man",
              "path": "/nix/store/1f08fr3w6ba623fb4n56s2dk7mrmpb0h-kubectl-1.30.0-man",
              "default": true
            },
            {
              "name": "convert",
              "path": "/nix/store/739cc0ccyia6410bhrxg2iv1qj0zqjsz-kubectl-1.30.0-convert"
            }
          ],
          "store_path": "/nix/store/kzi7bl9hpgn5c9i7pcq2cby92gwighaj-kubectl-1.30.0"
        },
        "x86_64-linux": {
          "outputs": [
            {
              "name": "out",
              "path": "/nix/store/r5gah9impdhsi9f5hsbg32xqfqsajh90-kubectl-1.30.0",
              "default": true
            },
            {
              "name": "man",
              "path": "/nix/store/6r4jpknb24y1x83wrrind0b0h1as07a4-kubectl-1.30.0-man",
              "default": true
            },
            {
              "name": "convert",
              "path": "/nix/store/4hbqv5y1h7hw88xkjrbgr0gn8p7pwszp-kubectl-1.30.0-convert"
            }
          ],
          "store_path": "/nix/store/r5gah9impdhsi9f5hsbg32xqfqsajh90-kubectl-1.30.0"
        }
      }
    },
    "kubernetes-helm@3.14.4": {
      "last_modified": "2024-04-19T21:36:04Z",
      "resolved": "github:NixOS/nixpkgs/92d295f588631b0db2da509f381b4fb1e74173c5#kubernetes-helm",
      "source": "devbox-search",
      "version": "3.14.4",
      "systems": {
        "aarch64-darwin": {
          "outputs": [
            {
              "name": "out",
              "path": "/nix/store/1rlaqgp0b551xzi4mi31wy2zwk3qbs4j-kubernetes-helm-3.14.4",
              "default": true
            }
          ],
          "store_path": "/nix/store/1rlaqgp0b551xzi4mi31wy2zwk3qbs4j-kubernetes-helm-3.14.4"
        },
        "aarch64-linux": {
          "outputs": [
            {
              "name": "out",
              "path": "/nix/store/jl1h7r1m77qi845ji1grrchgvcsjb7w6-kubernetes-helm-3.14.4",
              "default": true
            }
          ],
          "store_path": "/nix/store/jl1h7r1m77qi845ji1grrchgvcsjb7w6-kubernetes-helm-3.14.4"
        },
        "x86_64-darwin": {
          "outputs": [
            {
              "name": "out",
              "path": "/nix/store/hl7n59kix0bv78vgiq4irkscgyndm81h-kubernetes-helm-3.14.4",
              "default": true
            }
          ],
          "store_path": "/nix/store/hl7n59kix0bv78vgiq4irkscgyndm81h-kubernetes-helm-3.14.4"
        },
        "x86_64-linux": {
          "outputs": [
            {
              "name": "out",
              "path": "/nix/store/mg1wazgldz91y0k2nfks8w3imlpmf4k7-kubernetes-helm-3.14.4",
              "default": true
            }
          ],
          "store_path": "/nix/store/mg1wazgldz91y0k2nfks8w3imlpmf4k7-kubernetes-helm-3.14.4"
        }
      }
    },
    "nano@7.2": {
      "last_modified": "2024-05-01T20:12:28Z",
      "resolved": "github:NixOS/nixpkgs/1c74cc292b61614e74c1cf0d372f79d57fb4936b#nano",
      "source": "devbox-search",
      "version": "7.2",
      "systems": {
        "aarch64-darwin": {
          "outputs": [
            {
              "name": "out",
              "path": "/nix/store/b0c71f4lnj7akw1mrwygf9d1s5pcf0s8-nano-7.2",
              "default": true
            },
            {
              "name": "info",
              "path": "/nix/store/l6k8gakkq9xhlkdh5cvhc9mmjasxq20w-nano-7.2-info"
            }
          ],
          "store_path": "/nix/store/b0c71f4lnj7akw1mrwygf9d1s5pcf0s8-nano-7.2"
        },
        "aarch64-linux": {
          "outputs": [
            {
              "name": "out",
              "path": "/nix/store/1pk971n673z77kw9sry46y9nlf6n79z6-nano-7.2",
              "default": true
            },
            {
              "name": "info",
              "path": "/nix/store/s7nscirl123gipc9514pdkbfvia9xj0q-nano-7.2-info"
            }
          ],
          "store_path": "/nix/store/1pk971n673z77kw9sry46y9nlf6n79z6-nano-7.2"
        },
        "x86_64-darwin": {
          "outputs": [
            {
              "name": "out",
              "path": "/nix/store/b1fqrv4a5d3wsdkh05k5fzc6r68i6ard-nano-7.2",
              "default": true
            },
            {
              "name": "info",
              "path": "/nix/store/lqf75zj6wz7idby5marqd6aynv6jr00x-nano-7.2-info"
            }
          ],
          "store_path": "/nix/store/b1fqrv4a5d3wsdkh05k5fzc6r68i6ard-nano-7.2"
        },
        "x86_64-linux": {
          "outputs": [
            {
              "name": "out",
              "path": "/nix/store/aq0f7lxaq6085rn0i4249zh1xhliqa64-nano-7.2",
              "default": true
            },
            {
              "name": "info",
              "path": "/nix/store/dm4y47kynnpzag63pvdr99c90q0ysq4l-nano-7.2-info"
            }
          ],
          "store_path": "/nix/store/aq0f7lxaq6085rn0i4249zh1xhliqa64-nano-7.2"
        }
      }
    },
    "tldr@1.6.1": {
      "last_modified": "2024-05-01T20:12:28Z",
      "resolved": "github:NixOS/nixpkgs/1c74cc292b61614e74c1cf0d372f79d57fb4936b#tldr",
      "source": "devbox-search",
      "version": "1.6.1",
      "systems": {
        "aarch64-darwin": {
          "outputs": [
            {
              "name": "out",
              "path": "/nix/store/63gd245jifji73bw3q9r1fgizzjk5w0g-tldr-1.6.1",
              "default": true
            }
          ],
          "store_path": "/nix/store/63gd245jifji73bw3q9r1fgizzjk5w0g-tldr-1.6.1"
        },
        "aarch64-linux": {
          "outputs": [
            {
              "name": "out",
              "path": "/nix/store/lsqylv7icpy3fgklvvg3z9svj1f9q7fc-tldr-1.6.1",
              "default": true
            }
          ],
          "store_path": "/nix/store/lsqylv7icpy3fgklvvg3z9svj1f9q7fc-tldr-1.6.1"
        },
        "x86_64-darwin": {
          "outputs": [
            {
              "name": "out",
              "path": "/nix/store/njf4a3cin4gvz983xdhhrjqzvc6zf7rd-tldr-1.6.1",
              "default": true
            }
          ],
          "store_path": "/nix/store/njf4a3cin4gvz983xdhhrjqzvc6zf7rd-tldr-1.6.1"
        },
        "x86_64-linux": {
          "outputs": [
            {
              "name": "out",
              "path": "/nix/store/lc3lwa1qv9jvmxwg8fyli326616brk86-tldr-1.6.1",
              "default": true
            }
          ],
          "store_path": "/nix/store/lc3lwa1qv9jvmxwg8fyli326616brk86-tldr-1.6.1"
        }
      }
    },
    "tmux@3.4": {
      "last_modified": "2024-05-01T20:12:28Z",
      "resolved": "github:NixOS/nixpkgs/1c74cc292b61614e74c1cf0d372f79d57fb4936b#tmux",
      "source": "devbox-search",
      "version": "3.4",
      "systems": {
        "aarch64-darwin": {
          "outputs": [
            {
              "name": "out",
              "path": "/nix/store/9blhl0cvc567c1achc0812gr00b98zqy-tmux-3.4",
              "default": true
            },
            {
              "name": "man",
              "path": "/nix/store/i4g27kkh0ljng7afasn2w22az700r37g-tmux-3.4-man",
              "default": true
            }
          ],
          "store_path": "/nix/store/9blhl0cvc567c1achc0812gr00b98zqy-tmux-3.4"
        },
        "aarch64-linux": {
          "outputs": [
            {
              "name": "out",
              "path": "/nix/store/xcmwy8nhzsp9za18q2k5zvmic0r8pxxh-tmux-3.4",
              "default": true
            },
            {
              "name": "man",
              "path": "/nix/store/gjrc10ml4cda6w2xq4gf47ifpq5v1428-tmux-3.4-man",
              "default": true
            }
          ],
          "store_path": "/nix/store/xcmwy8nhzsp9za18q2k5zvmic0r8pxxh-tmux-3.4"
        },
        "x86_64-darwin": {
          "outputs": [
            {
              "name": "out",
              "path": "/nix/store/ibgsl04fqw7ph712jppdbpgj6c4i3jaz-tmux-3.4",
              "default": true
            },
            {
              "name": "man",
              "path": "/nix/store/ii0ysx82p73qmw9fnzgr73w5g0s195s4-tmux-3.4-man",
              "default": true
            }
          ],
          "store_path": "/nix/store/ibgsl04fqw7ph712jppdbpgj6c4i3jaz-tmux-3.4"
        },
        "x86_64-linux": {
          "outputs": [
            {
              "name": "out",
              "path": "/nix/store/gxhlfkav4lvyb0r7lymb6j07xz175g5j-tmux-3.4",
              "default": true
            },
            {
              "name": "man",
              "path": "/nix/store/4wkrfhwvhl5km9abczjgia0pgmj9as0g-tmux-3.4-man",
              "default": true
            }
          ],
          "store_path": "/nix/store/gxhlfkav4lvyb0r7lymb6j07xz175g5j-tmux-3.4"
        }
      }
    },
    "vim@9.1.0200": {
      "last_modified": "2024-05-01T20:12:28Z",
      "resolved": "github:NixOS/nixpkgs/1c74cc292b61614e74c1cf0d372f79d57fb4936b#vim",
      "source": "devbox-search",
      "version": "9.1.0200",
      "systems": {
        "aarch64-darwin": {
          "outputs": [
            {
              "name": "out",
              "path": "/nix/store/l2skq8dwf4l5ymsv9b4m717fzk1898mn-vim-9.1.0200",
              "default": true
            },
            {
              "name": "xxd",
              "path": "/nix/store/9s37f211w4jdbgwad5qmgsw5ipf6aafp-vim-9.1.0200-xxd",
              "default": true
            }
          ],
          "store_path": "/nix/store/l2skq8dwf4l5ymsv9b4m717fzk1898mn-vim-9.1.0200"
        },
        "aarch64-linux": {
          "outputs": [
            {
              "name": "out",
              "path": "/nix/store/1c54gmi3fvf1r9lw7vfz23hxrxnyvm21-vim-9.1.0200",
              "default": true
            },
            {
              "name": "xxd",
              "path": "/nix/store/1bxa3aimgcgs31xf3vv8g2xnn97dbnil-vim-9.1.0200-xxd",
              "default": true
            }
          ],
          "store_path": "/nix/store/1c54gmi3fvf1r9lw7vfz23hxrxnyvm21-vim-9.1.0200"
        },
        "x86_64-darwin": {
          "outputs": [
            {
              "name": "out",
              "path": "/nix/store/506040dz7d7s839khdv11x3dxb1jssgw-vim-9.1.0200",
              "default": true
            },
            {
              "name": "xxd",
              "path": "/nix/store/0b3mh1bxclnmaz1g3mg1c0fyi9390gi5-vim-9.1.0200-xxd",
              "default": true
            }
          ],
          "store_path": "/nix/store/506040dz7d7s839khdv11x3dxb1jssgw-vim-9.1.0200"
        },
        "x86_64-linux": {
          "outputs": [
            {
              "name": "out",
              "path": "/nix/store/zf6qy0aff54jgipxibdbv5h9xbdxx178-vim-9.1.0200",
              "default": true
            },
            {
              "name": "xxd",
              "path": "/nix/store/mylm0g89sbkzklvadij0ql5wxqwqlaaq-vim-9.1.0200-xxd",
              "default": true
            }
          ],
          "store_path": "/nix/store/zf6qy0aff54jgipxibdbv5h9xbdxx178-vim-9.1.0200"
        }
      }
    },
    "yq@3.4.3": {
      "last_modified": "2024-05-03T15:42:32Z",
      "resolved": "github:NixOS/nixpkgs/5fd8536a9a5932d4ae8de52b7dc08d92041237fc#yq",
      "source": "devbox-search",
      "version": "3.4.3",
      "systems": {
        "aarch64-darwin": {
          "outputs": [
            {
              "name": "out",
              "path": "/nix/store/a2fl3r5yz6sn3y76hp297v9vxg6rsxvm-python3.11-yq-3.4.3",
              "default": true
            },
            {
              "name": "dist",
              "path": "/nix/store/q2ssx3l2c3kdfi0z689xwdp43136cm3g-python3.11-yq-3.4.3-dist"
            }
          ],
          "store_path": "/nix/store/a2fl3r5yz6sn3y76hp297v9vxg6rsxvm-python3.11-yq-3.4.3"
        },
        "aarch64-linux": {
          "outputs": [
            {
              "name": "out",
              "path": "/nix/store/fjq379l09b2mpjfd6nfq2m061fvipasw-python3.11-yq-3.4.3",
              "default": true
            },
            {
              "name": "dist",
              "path": "/nix/store/c17fymgzsv3dx55wl0hf1c6savil4zrb-python3.11-yq-3.4.3-dist"
            }
          ],
          "store_path": "/nix/store/fjq379l09b2mpjfd6nfq2m061fvipasw-python3.11-yq-3.4.3"
        },
        "x86_64-darwin": {
          "outputs": [
            {
              "name": "out",
              "path": "/nix/store/w84j63jqij1adzwd7667nr9rakb27364-python3.11-yq-3.4.3",
              "default": true
            },
            {
              "name": "dist",
              "path": "/nix/store/dyiyjysd4wdj98qxbji4wd1wgbxbsnlp-python3.11-yq-3.4.3-dist"
            }
          ],
          "store_path": "/nix/store/w84j63jqij1adzwd7667nr9rakb27364-python3.11-yq-3.4.3"
        },
        "x86_64-linux": {
          "outputs": [
            {
              "name": "out",
              "path": "/nix/store/k58r09rfyaspq2ba32ng0irw09cpf8nh-python3.11-yq-3.4.3",
              "default": true
            },
            {
              "name": "dist",
              "path": "/nix/store/0w7y55zyjk97pvsryz0fbyw4gmijsh21-python3.11-yq-3.4.3-dist"
            }
          ],
          "store_path": "/nix/store/k58r09rfyaspq2ba32ng0irw09cpf8nh-python3.11-yq-3.4.3"
        }
      }
    },
    "zsh@5.9": {
      "last_modified": "2024-05-06T15:07:38Z",
      "resolved": "github:NixOS/nixpkgs/860e65d27036476edfb85dd847d982277880b143#zsh",
      "source": "devbox-search",
      "version": "5.9",
      "systems": {
        "aarch64-darwin": {
          "outputs": [
            {
              "name": "out",
              "path": "/nix/store/mcx7knakrqgqr2hp7ipzxf2h27i366xz-zsh-5.9",
              "default": true
            },
            {
              "name": "man",
              "path": "/nix/store/7m2jbb6bxccl90msgwr2h7ll1ki95bn4-zsh-5.9-man",
              "default": true
            },
            {
              "name": "doc",
              "path": "/nix/store/68cmzp8v5xpv4qwv60wzyvnfr9xdknqy-zsh-5.9-doc"
            },
            {
              "name": "info",
              "path": "/nix/store/b5vcg1kpkgjj3xzbcpglkglzfw32zir3-zsh-5.9-info"
            }
          ],
          "store_path": "/nix/store/mcx7knakrqgqr2hp7ipzxf2h27i366xz-zsh-5.9"
        },
        "aarch64-linux": {
          "outputs": [
            {
              "name": "out",
              "path": "/nix/store/gq5wamnidhwzf4fqaf1prpq2wi8bv1hx-zsh-5.9",
              "default": true
            },
            {
              "name": "man",
              "path": "/nix/store/37d5cbdrnqacvjlcw1w8y8da6jnnc8lp-zsh-5.9-man",
              "default": true
            },
            {
              "name": "doc",
              "path": "/nix/store/ci4mnkrw0zpf2f0k5jq2cx44fjjsblsg-zsh-5.9-doc"
            },
            {
              "name": "info",
              "path": "/nix/store/k5k4v9pg7hsbjgw8p80fjk50j05b0dnp-zsh-5.9-info"
            }
          ],
          "store_path": "/nix/store/gq5wamnidhwzf4fqaf1prpq2wi8bv1hx-zsh-5.9"
        },
        "x86_64-darwin": {
          "outputs": [
            {
              "name": "out",
              "path": "/nix/store/wrws6mqhn5l7a58yv2ldgp5vll1y7h0k-zsh-5.9",
              "default": true
            },
            {
              "name": "man",
              "path": "/nix/store/5xzsi4xi9f84my0w2vc47lw1y7lz9h1b-zsh-5.9-man",
              "default": true
            },
            {
              "name": "doc",
              "path": "/nix/store/g122kkbypckjbzfg1lxpndvndm4vmmlq-zsh-5.9-doc"
            },
            {
              "name": "info",
              "path": "/nix/store/d3vvqhclbvihwpj213a6msnzdsj4qn3l-zsh-5.9-info"
            }
          ],
          "store_path": "/nix/store/wrws6mqhn5l7a58yv2ldgp5vll1y7h0k-zsh-5.9"
        },
        "x86_64-linux": {
          "outputs": [
            {
              "name": "out",
              "path": "/nix/store/qlqypbb4z48g6xsfc9d79w2fka2c8635-zsh-5.9",
              "default": true
            },
            {
              "name": "man",
              "path": "/nix/store/vljdn5pbv66rx79rpp2faqj2jlj9xqd6-zsh-5.9-man",
              "default": true
            },
            {
              "name": "doc",
              "path": "/nix/store/sjfxhp88ppb77jyvrcqlihn0in1qf49h-zsh-5.9-doc"
            },
            {
              "name": "info",
              "path": "/nix/store/8frgkcld26k7xflyl9j97vr2gdhpxwzj-zsh-5.9-info"
            }
          ],
          "store_path": "/nix/store/qlqypbb4z48g6xsfc9d79w2fka2c8635-zsh-5.9"
        }
      }
    }
  }
}
